// !$*UTF8*$!
{
	archiveVersion = 1;
	classes = {
	};
	objectVersion = 50;
	objects = {

/* Begin PBXBuildFile section */
		AC3A4E912189BDB8003F7BD3 /* SearchLocation.storyboard in Resources */ = {isa = PBXBuildFile; fileRef = AC3A4E902189BDB8003F7BD3 /* SearchLocation.storyboard */; };
		AC3A4E932189BF69003F7BD3 /* SearchLocationController.swift in Sources */ = {isa = PBXBuildFile; fileRef = AC3A4E922189BF69003F7BD3 /* SearchLocationController.swift */; };
		AC418B822188476900D8E7A6 /* Request.swift in Sources */ = {isa = PBXBuildFile; fileRef = AC418B812188476900D8E7A6 /* Request.swift */; };
		AC418B882188C56700D8E7A6 /* SolarInfo+CoreDataClass.swift in Sources */ = {isa = PBXBuildFile; fileRef = AC418B842188C56700D8E7A6 /* SolarInfo+CoreDataClass.swift */; };
		AC418B892188C56700D8E7A6 /* SolarInfo+CoreDataProperties.swift in Sources */ = {isa = PBXBuildFile; fileRef = AC418B852188C56700D8E7A6 /* SolarInfo+CoreDataProperties.swift */; };
		AC418B8A2188C56700D8E7A6 /* Location+CoreDataClass.swift in Sources */ = {isa = PBXBuildFile; fileRef = AC418B862188C56700D8E7A6 /* Location+CoreDataClass.swift */; };
		AC418B8B2188C56700D8E7A6 /* Location+CoreDataProperties.swift in Sources */ = {isa = PBXBuildFile; fileRef = AC418B872188C56700D8E7A6 /* Location+CoreDataProperties.swift */; };
		AC418B8D2188D06100D8E7A6 /* CoreDataStack.swift in Sources */ = {isa = PBXBuildFile; fileRef = AC418B8C2188D06100D8E7A6 /* CoreDataStack.swift */; };
		AC418B8F2188D0FC00D8E7A6 /* LocationsListController.swift in Sources */ = {isa = PBXBuildFile; fileRef = AC418B8E2188D0FC00D8E7A6 /* LocationsListController.swift */; };
		AC418B932188D4E400D8E7A6 /* LocationCell.swift in Sources */ = {isa = PBXBuildFile; fileRef = AC418B922188D4E400D8E7A6 /* LocationCell.swift */; };
		AC65CA7821933B1200CB8CA4 /* String+FormatTime.swift in Sources */ = {isa = PBXBuildFile; fileRef = AC65CA7721933B1200CB8CA4 /* String+FormatTime.swift */; };
		AC739EA6218B3A750023877A /* PlaceAutocompleteRequest.swift in Sources */ = {isa = PBXBuildFile; fileRef = AC739EA5218B3A750023877A /* PlaceAutocompleteRequest.swift */; };
		AC739EA8218B3C260023877A /* CodableObjects.swift in Sources */ = {isa = PBXBuildFile; fileRef = AC739EA7218B3C260023877A /* CodableObjects.swift */; };
		AC739EAA218B80B50023877A /* LocationAutocompleteCell.swift in Sources */ = {isa = PBXBuildFile; fileRef = AC739EA9218B80B50023877A /* LocationAutocompleteCell.swift */; };
		ACAC0B0E218E13A1001209BE /* LocationManager.swift in Sources */ = {isa = PBXBuildFile; fileRef = ACAC0B0D218E13A1001209BE /* LocationManager.swift */; };
		ACB44C6A218CE3FB004FF8B4 /* DailySunInfoCell.swift in Sources */ = {isa = PBXBuildFile; fileRef = ACB44C69218CE3FB004FF8B4 /* DailySunInfoCell.swift */; };
		ACB44C6C218D225D004FF8B4 /* SolarInfoCell.swift in Sources */ = {isa = PBXBuildFile; fileRef = ACB44C6B218D225D004FF8B4 /* SolarInfoCell.swift */; };
		ACF407002190677F0041E662 /* DatePickerController.swift in Sources */ = {isa = PBXBuildFile; fileRef = ACF406FF2190677F0041E662 /* DatePickerController.swift */; };
		ACF4AE7D2187A6C90092C453 /* AppDelegate.swift in Sources */ = {isa = PBXBuildFile; fileRef = ACF4AE7C2187A6C90092C453 /* AppDelegate.swift */; };
		ACF4AE7F2187A6C90092C453 /* SolarInfoController.swift in Sources */ = {isa = PBXBuildFile; fileRef = ACF4AE7E2187A6C90092C453 /* SolarInfoController.swift */; };
		ACF4AE822187A6C90092C453 /* Main.storyboard in Resources */ = {isa = PBXBuildFile; fileRef = ACF4AE802187A6C90092C453 /* Main.storyboard */; };
		ACF4AE852187A6C90092C453 /* SunriseSunset.xcdatamodeld in Sources */ = {isa = PBXBuildFile; fileRef = ACF4AE832187A6C90092C453 /* SunriseSunset.xcdatamodeld */; };
		ACF4AE872187A6CA0092C453 /* Assets.xcassets in Resources */ = {isa = PBXBuildFile; fileRef = ACF4AE862187A6CA0092C453 /* Assets.xcassets */; };
		ACF4AE8A2187A6CA0092C453 /* LaunchScreen.storyboard in Resources */ = {isa = PBXBuildFile; fileRef = ACF4AE882187A6CA0092C453 /* LaunchScreen.storyboard */; };
/* End PBXBuildFile section */

/* Begin PBXFileReference section */
		AC3A4E902189BDB8003F7BD3 /* SearchLocation.storyboard */ = {isa = PBXFileReference; lastKnownFileType = file.storyboard; path = SearchLocation.storyboard; sourceTree = "<group>"; };
		AC3A4E922189BF69003F7BD3 /* SearchLocationController.swift */ = {isa = PBXFileReference; lastKnownFileType = sourcecode.swift; path = SearchLocationController.swift; sourceTree = "<group>"; };
		AC418B812188476900D8E7A6 /* Request.swift */ = {isa = PBXFileReference; lastKnownFileType = sourcecode.swift; path = Request.swift; sourceTree = "<group>"; };
		AC418B842188C56700D8E7A6 /* SolarInfo+CoreDataClass.swift */ = {isa = PBXFileReference; lastKnownFileType = sourcecode.swift; path = "SolarInfo+CoreDataClass.swift"; sourceTree = "<group>"; };
		AC418B852188C56700D8E7A6 /* SolarInfo+CoreDataProperties.swift */ = {isa = PBXFileReference; lastKnownFileType = sourcecode.swift; path = "SolarInfo+CoreDataProperties.swift"; sourceTree = "<group>"; };
		AC418B862188C56700D8E7A6 /* Location+CoreDataClass.swift */ = {isa = PBXFileReference; lastKnownFileType = sourcecode.swift; path = "Location+CoreDataClass.swift"; sourceTree = "<group>"; };
		AC418B872188C56700D8E7A6 /* Location+CoreDataProperties.swift */ = {isa = PBXFileReference; lastKnownFileType = sourcecode.swift; path = "Location+CoreDataProperties.swift"; sourceTree = "<group>"; };
		AC418B8C2188D06100D8E7A6 /* CoreDataStack.swift */ = {isa = PBXFileReference; lastKnownFileType = sourcecode.swift; path = CoreDataStack.swift; sourceTree = "<group>"; };
		AC418B8E2188D0FC00D8E7A6 /* LocationsListController.swift */ = {isa = PBXFileReference; lastKnownFileType = sourcecode.swift; path = LocationsListController.swift; sourceTree = "<group>"; };
		AC418B922188D4E400D8E7A6 /* LocationCell.swift */ = {isa = PBXFileReference; lastKnownFileType = sourcecode.swift; path = LocationCell.swift; sourceTree = "<group>"; };
		AC65CA7721933B1200CB8CA4 /* String+FormatTime.swift */ = {isa = PBXFileReference; lastKnownFileType = sourcecode.swift; path = "String+FormatTime.swift"; sourceTree = "<group>"; };
		AC739EA5218B3A750023877A /* PlaceAutocompleteRequest.swift */ = {isa = PBXFileReference; lastKnownFileType = sourcecode.swift; path = PlaceAutocompleteRequest.swift; sourceTree = "<group>"; };
		AC739EA7218B3C260023877A /* CodableObjects.swift */ = {isa = PBXFileReference; lastKnownFileType = sourcecode.swift; path = CodableObjects.swift; sourceTree = "<group>"; };
		AC739EA9218B80B50023877A /* LocationAutocompleteCell.swift */ = {isa = PBXFileReference; lastKnownFileType = sourcecode.swift; path = LocationAutocompleteCell.swift; sourceTree = "<group>"; };
		ACAC0B0D218E13A1001209BE /* LocationManager.swift */ = {isa = PBXFileReference; lastKnownFileType = sourcecode.swift; path = LocationManager.swift; sourceTree = "<group>"; };
		ACB44C69218CE3FB004FF8B4 /* DailySunInfoCell.swift */ = {isa = PBXFileReference; lastKnownFileType = sourcecode.swift; path = DailySunInfoCell.swift; sourceTree = "<group>"; };
		ACB44C6B218D225D004FF8B4 /* SolarInfoCell.swift */ = {isa = PBXFileReference; lastKnownFileType = sourcecode.swift; path = SolarInfoCell.swift; sourceTree = "<group>"; };
		ACF406FF2190677F0041E662 /* DatePickerController.swift */ = {isa = PBXFileReference; lastKnownFileType = sourcecode.swift; path = DatePickerController.swift; sourceTree = "<group>"; };
		ACF4AE792187A6C90092C453 /* SunriseSunset.app */ = {isa = PBXFileReference; explicitFileType = wrapper.application; includeInIndex = 0; path = SunriseSunset.app; sourceTree = BUILT_PRODUCTS_DIR; };
		ACF4AE7C2187A6C90092C453 /* AppDelegate.swift */ = {isa = PBXFileReference; lastKnownFileType = sourcecode.swift; path = AppDelegate.swift; sourceTree = "<group>"; };
		ACF4AE7E2187A6C90092C453 /* SolarInfoController.swift */ = {isa = PBXFileReference; lastKnownFileType = sourcecode.swift; path = SolarInfoController.swift; sourceTree = "<group>"; };
		ACF4AE812187A6C90092C453 /* Base */ = {isa = PBXFileReference; lastKnownFileType = file.storyboard; name = Base; path = Base.lproj/Main.storyboard; sourceTree = "<group>"; };
		ACF4AE842187A6C90092C453 /* SunriseSunset.xcdatamodel */ = {isa = PBXFileReference; lastKnownFileType = wrapper.xcdatamodel; path = SunriseSunset.xcdatamodel; sourceTree = "<group>"; };
		ACF4AE862187A6CA0092C453 /* Assets.xcassets */ = {isa = PBXFileReference; lastKnownFileType = folder.assetcatalog; path = Assets.xcassets; sourceTree = "<group>"; };
		ACF4AE892187A6CA0092C453 /* Base */ = {isa = PBXFileReference; lastKnownFileType = file.storyboard; name = Base; path = Base.lproj/LaunchScreen.storyboard; sourceTree = "<group>"; };
		ACF4AE8B2187A6CA0092C453 /* Info.plist */ = {isa = PBXFileReference; lastKnownFileType = text.plist.xml; path = Info.plist; sourceTree = "<group>"; };
/* End PBXFileReference section */

/* Begin PBXFrameworksBuildPhase section */
		ACF4AE762187A6C90092C453 /* Frameworks */ = {
			isa = PBXFrameworksBuildPhase;
			buildActionMask = 2147483647;
			files = (
			);
			runOnlyForDeploymentPostprocessing = 0;
		};
/* End PBXFrameworksBuildPhase section */

/* Begin PBXGroup section */
		AC418B832188C54900D8E7A6 /* Model */ = {
			isa = PBXGroup;
			children = (
				AC418B842188C56700D8E7A6 /* SolarInfo+CoreDataClass.swift */,
				AC418B852188C56700D8E7A6 /* SolarInfo+CoreDataProperties.swift */,
				AC418B862188C56700D8E7A6 /* Location+CoreDataClass.swift */,
				AC418B872188C56700D8E7A6 /* Location+CoreDataProperties.swift */,
				AC418B8C2188D06100D8E7A6 /* CoreDataStack.swift */,
				ACF4AE832187A6C90092C453 /* SunriseSunset.xcdatamodeld */,
				ACAC0B0D218E13A1001209BE /* LocationManager.swift */,
			);
			path = Model;
			sourceTree = "<group>";
		};
		AC418B902188D12700D8E7A6 /* Controller */ = {
			isa = PBXGroup;
			children = (
				ACF4AE7E2187A6C90092C453 /* SolarInfoController.swift */,
				AC418B8E2188D0FC00D8E7A6 /* LocationsListController.swift */,
				ACF406FF2190677F0041E662 /* DatePickerController.swift */,
				AC3A4E922189BF69003F7BD3 /* SearchLocationController.swift */,
			);
			path = Controller;
			sourceTree = "<group>";
		};
		AC418B912188D1B500D8E7A6 /* View */ = {
			isa = PBXGroup;
			children = (
				AC418B922188D4E400D8E7A6 /* LocationCell.swift */,
				AC739EA9218B80B50023877A /* LocationAutocompleteCell.swift */,
				ACF4AE802187A6C90092C453 /* Main.storyboard */,
				AC3A4E902189BDB8003F7BD3 /* SearchLocation.storyboard */,
				ACB44C69218CE3FB004FF8B4 /* DailySunInfoCell.swift */,
				ACB44C6B218D225D004FF8B4 /* SolarInfoCell.swift */,
			);
			path = View;
			sourceTree = "<group>";
		};
		AC65CA7621933A5500CB8CA4 /* Network */ = {
			isa = PBXGroup;
			children = (
				AC739EA5218B3A750023877A /* PlaceAutocompleteRequest.swift */,
				AC418B812188476900D8E7A6 /* Request.swift */,
				AC739EA7218B3C260023877A /* CodableObjects.swift */,
			);
			path = Network;
			sourceTree = "<group>";
		};
		AC968A9C2192600600AED39B /* Extensions */ = {
			isa = PBXGroup;
			children = (
				AC65CA7721933B1200CB8CA4 /* String+FormatTime.swift */,
			);
			path = Extensions;
			sourceTree = "<group>";
		};
		ACF4AE702187A6C90092C453 = {
			isa = PBXGroup;
			children = (
				ACF4AE7B2187A6C90092C453 /* SunriseSunset */,
				ACF4AE7A2187A6C90092C453 /* Products */,
			);
			sourceTree = "<group>";
		};
		ACF4AE7A2187A6C90092C453 /* Products */ = {
			isa = PBXGroup;
			children = (
				ACF4AE792187A6C90092C453 /* SunriseSunset.app */,
			);
			name = Products;
			sourceTree = "<group>";
		};
		ACF4AE7B2187A6C90092C453 /* SunriseSunset */ = {
			isa = PBXGroup;
			children = (
				AC65CA7621933A5500CB8CA4 /* Network */,
				AC418B832188C54900D8E7A6 /* Model */,
				AC418B912188D1B500D8E7A6 /* View */,
				AC418B902188D12700D8E7A6 /* Controller */,
				AC968A9C2192600600AED39B /* Extensions */,
				ACF4AE7C2187A6C90092C453 /* AppDelegate.swift */,
				ACF4AE862187A6CA0092C453 /* Assets.xcassets */,
				ACF4AE882187A6CA0092C453 /* LaunchScreen.storyboard */,
				ACF4AE8B2187A6CA0092C453 /* Info.plist */,
			);
			path = SunriseSunset;
			sourceTree = "<group>";
		};
/* End PBXGroup section */

/* Begin PBXNativeTarget section */
		ACF4AE782187A6C90092C453 /* SunriseSunset */ = {
			isa = PBXNativeTarget;
			buildConfigurationList = ACF4AE8E2187A6CA0092C453 /* Build configuration list for PBXNativeTarget "SunriseSunset" */;
			buildPhases = (
				ACF4AE752187A6C90092C453 /* Sources */,
				ACF4AE762187A6C90092C453 /* Frameworks */,
				ACF4AE772187A6C90092C453 /* Resources */,
			);
			buildRules = (
			);
			dependencies = (
			);
			name = SunriseSunset;
			productName = SunriseSunset;
			productReference = ACF4AE792187A6C90092C453 /* SunriseSunset.app */;
			productType = "com.apple.product-type.application";
		};
/* End PBXNativeTarget section */

/* Begin PBXProject section */
		ACF4AE712187A6C90092C453 /* Project object */ = {
			isa = PBXProject;
			attributes = {
				LastSwiftUpdateCheck = 1000;
				LastUpgradeCheck = 1000;
				ORGANIZATIONNAME = "Vasyl Mytko";
				TargetAttributes = {
					ACF4AE782187A6C90092C453 = {
						CreatedOnToolsVersion = 10.0;
					};
				};
			};
			buildConfigurationList = ACF4AE742187A6C90092C453 /* Build configuration list for PBXProject "SunriseSunset" */;
			compatibilityVersion = "Xcode 9.3";
			developmentRegion = en;
			hasScannedForEncodings = 0;
			knownRegions = (
				en,
				Base,
			);
			mainGroup = ACF4AE702187A6C90092C453;
			productRefGroup = ACF4AE7A2187A6C90092C453 /* Products */;
			projectDirPath = "";
			projectRoot = "";
			targets = (
				ACF4AE782187A6C90092C453 /* SunriseSunset */,
			);
		};
/* End PBXProject section */

/* Begin PBXResourcesBuildPhase section */
		ACF4AE772187A6C90092C453 /* Resources */ = {
			isa = PBXResourcesBuildPhase;
			buildActionMask = 2147483647;
			files = (
				ACF4AE8A2187A6CA0092C453 /* LaunchScreen.storyboard in Resources */,
				ACF4AE872187A6CA0092C453 /* Assets.xcassets in Resources */,
				ACF4AE822187A6C90092C453 /* Main.storyboard in Resources */,
				AC3A4E912189BDB8003F7BD3 /* SearchLocation.storyboard in Resources */,
			);
			runOnlyForDeploymentPostprocessing = 0;
		};
/* End PBXResourcesBuildPhase section */

/* Begin PBXSourcesBuildPhase section */
		ACF4AE752187A6C90092C453 /* Sources */ = {
			isa = PBXSourcesBuildPhase;
			buildActionMask = 2147483647;
			files = (
				AC418B892188C56700D8E7A6 /* SolarInfo+CoreDataProperties.swift in Sources */,
				ACF4AE7F2187A6C90092C453 /* SolarInfoController.swift in Sources */,
				AC418B882188C56700D8E7A6 /* SolarInfo+CoreDataClass.swift in Sources */,
				AC3A4E932189BF69003F7BD3 /* SearchLocationController.swift in Sources */,
				AC65CA7821933B1200CB8CA4 /* String+FormatTime.swift in Sources */,
				AC739EAA218B80B50023877A /* LocationAutocompleteCell.swift in Sources */,
				AC418B8D2188D06100D8E7A6 /* CoreDataStack.swift in Sources */,
				AC418B8F2188D0FC00D8E7A6 /* LocationsListController.swift in Sources */,
				ACF4AE852187A6C90092C453 /* SunriseSunset.xcdatamodeld in Sources */,
				AC739EA6218B3A750023877A /* PlaceAutocompleteRequest.swift in Sources */,
				AC418B932188D4E400D8E7A6 /* LocationCell.swift in Sources */,
				AC739EA8218B3C260023877A /* CodableObjects.swift in Sources */,
				ACB44C6A218CE3FB004FF8B4 /* DailySunInfoCell.swift in Sources */,
				AC418B8A2188C56700D8E7A6 /* Location+CoreDataClass.swift in Sources */,
				ACF407002190677F0041E662 /* DatePickerController.swift in Sources */,
				AC418B8B2188C56700D8E7A6 /* Location+CoreDataProperties.swift in Sources */,
				AC418B822188476900D8E7A6 /* Request.swift in Sources */,
				ACB44C6C218D225D004FF8B4 /* SolarInfoCell.swift in Sources */,
				ACF4AE7D2187A6C90092C453 /* AppDelegate.swift in Sources */,
				ACAC0B0E218E13A1001209BE /* LocationManager.swift in Sources */,
			);
			runOnlyForDeploymentPostprocessing = 0;
		};
/* End PBXSourcesBuildPhase section */

/* Begin PBXVariantGroup section */
		ACF4AE802187A6C90092C453 /* Main.storyboard */ = {
			isa = PBXVariantGroup;
			children = (
				ACF4AE812187A6C90092C453 /* Base */,
			);
			name = Main.storyboard;
			sourceTree = "<group>";
		};
		ACF4AE882187A6CA0092C453 /* LaunchScreen.storyboard */ = {
			isa = PBXVariantGroup;
			children = (
				ACF4AE892187A6CA0092C453 /* Base */,
			);
			name = LaunchScreen.storyboard;
			sourceTree = "<group>";
		};
/* End PBXVariantGroup section */

/* Begin XCBuildConfiguration section */
		ACF4AE8C2187A6CA0092C453 /* Debug */ = {
			isa = XCBuildConfiguration;
			buildSettings = {
				ALWAYS_SEARCH_USER_PATHS = NO;
				CLANG_ANALYZER_NONNULL = YES;
				CLANG_ANALYZER_NUMBER_OBJECT_CONVERSION = YES_AGGRESSIVE;
				CLANG_CXX_LANGUAGE_STANDARD = "gnu++14";
				CLANG_CXX_LIBRARY = "libc++";
				CLANG_ENABLE_MODULES = YES;
				CLANG_ENABLE_OBJC_ARC = YES;
				CLANG_ENABLE_OBJC_WEAK = YES;
				CLANG_WARN_BLOCK_CAPTURE_AUTORELEASING = YES;
				CLANG_WARN_BOOL_CONVERSION = YES;
				CLANG_WARN_COMMA = YES;
				CLANG_WARN_CONSTANT_CONVERSION = YES;
				CLANG_WARN_DEPRECATED_OBJC_IMPLEMENTATIONS = YES;
				CLANG_WARN_DIRECT_OBJC_ISA_USAGE = YES_ERROR;
				CLANG_WARN_DOCUMENTATION_COMMENTS = YES;
				CLANG_WARN_EMPTY_BODY = YES;
				CLANG_WARN_ENUM_CONVERSION = YES;
				CLANG_WARN_INFINITE_RECURSION = YES;
				CLANG_WARN_INT_CONVERSION = YES;
				CLANG_WARN_NON_LITERAL_NULL_CONVERSION = YES;
				CLANG_WARN_OBJC_IMPLICIT_RETAIN_SELF = YES;
				CLANG_WARN_OBJC_LITERAL_CONVERSION = YES;
				CLANG_WARN_OBJC_ROOT_CLASS = YES_ERROR;
				CLANG_WARN_RANGE_LOOP_ANALYSIS = YES;
				CLANG_WARN_STRICT_PROTOTYPES = YES;
				CLANG_WARN_SUSPICIOUS_MOVE = YES;
				CLANG_WARN_UNGUARDED_AVAILABILITY = YES_AGGRESSIVE;
				CLANG_WARN_UNREACHABLE_CODE = YES;
				CLANG_WARN__DUPLICATE_METHOD_MATCH = YES;
				CODE_SIGN_IDENTITY = "iPhone Developer";
				COPY_PHASE_STRIP = NO;
				DEBUG_INFORMATION_FORMAT = dwarf;
				ENABLE_STRICT_OBJC_MSGSEND = YES;
				ENABLE_TESTABILITY = YES;
				GCC_C_LANGUAGE_STANDARD = gnu11;
				GCC_DYNAMIC_NO_PIC = NO;
				GCC_NO_COMMON_BLOCKS = YES;
				GCC_OPTIMIZATION_LEVEL = 0;
				GCC_PREPROCESSOR_DEFINITIONS = (
					"DEBUG=1",
					"$(inherited)",
				);
				GCC_WARN_64_TO_32_BIT_CONVERSION = YES;
				GCC_WARN_ABOUT_RETURN_TYPE = YES_ERROR;
				GCC_WARN_UNDECLARED_SELECTOR = YES;
				GCC_WARN_UNINITIALIZED_AUTOS = YES_AGGRESSIVE;
				GCC_WARN_UNUSED_FUNCTION = YES;
				GCC_WARN_UNUSED_VARIABLE = YES;
				IPHONEOS_DEPLOYMENT_TARGET = 12.0;
				MTL_ENABLE_DEBUG_INFO = INCLUDE_SOURCE;
				MTL_FAST_MATH = YES;
				ONLY_ACTIVE_ARCH = YES;
				SDKROOT = iphoneos;
				SWIFT_ACTIVE_COMPILATION_CONDITIONS = DEBUG;
				SWIFT_OPTIMIZATION_LEVEL = "-Onone";
			};
			name = Debug;
		};
		ACF4AE8D2187A6CA0092C453 /* Release */ = {
			isa = XCBuildConfiguration;
			buildSettings = {
				ALWAYS_SEARCH_USER_PATHS = NO;
				CLANG_ANALYZER_NONNULL = YES;
				CLANG_ANALYZER_NUMBER_OBJECT_CONVERSION = YES_AGGRESSIVE;
				CLANG_CXX_LANGUAGE_STANDARD = "gnu++14";
				CLANG_CXX_LIBRARY = "libc++";
				CLANG_ENABLE_MODULES = YES;
				CLANG_ENABLE_OBJC_ARC = YES;
				CLANG_ENABLE_OBJC_WEAK = YES;
				CLANG_WARN_BLOCK_CAPTURE_AUTORELEASING = YES;
				CLANG_WARN_BOOL_CONVERSION = YES;
				CLANG_WARN_COMMA = YES;
				CLANG_WARN_CONSTANT_CONVERSION = YES;
				CLANG_WARN_DEPRECATED_OBJC_IMPLEMENTATIONS = YES;
				CLANG_WARN_DIRECT_OBJC_ISA_USAGE = YES_ERROR;
				CLANG_WARN_DOCUMENTATION_COMMENTS = YES;
				CLANG_WARN_EMPTY_BODY = YES;
				CLANG_WARN_ENUM_CONVERSION = YES;
				CLANG_WARN_INFINITE_RECURSION = YES;
				CLANG_WARN_INT_CONVERSION = YES;
				CLANG_WARN_NON_LITERAL_NULL_CONVERSION = YES;
				CLANG_WARN_OBJC_IMPLICIT_RETAIN_SELF = YES;
				CLANG_WARN_OBJC_LITERAL_CONVERSION = YES;
				CLANG_WARN_OBJC_ROOT_CLASS = YES_ERROR;
				CLANG_WARN_RANGE_LOOP_ANALYSIS = YES;
				CLANG_WARN_STRICT_PROTOTYPES = YES;
				CLANG_WARN_SUSPICIOUS_MOVE = YES;
				CLANG_WARN_UNGUARDED_AVAILABILITY = YES_AGGRESSIVE;
				CLANG_WARN_UNREACHABLE_CODE = YES;
				CLANG_WARN__DUPLICATE_METHOD_MATCH = YES;
				CODE_SIGN_IDENTITY = "iPhone Developer";
				COPY_PHASE_STRIP = NO;
				DEBUG_INFORMATION_FORMAT = "dwarf-with-dsym";
				ENABLE_NS_ASSERTIONS = NO;
				ENABLE_STRICT_OBJC_MSGSEND = YES;
				GCC_C_LANGUAGE_STANDARD = gnu11;
				GCC_NO_COMMON_BLOCKS = YES;
				GCC_WARN_64_TO_32_BIT_CONVERSION = YES;
				GCC_WARN_ABOUT_RETURN_TYPE = YES_ERROR;
				GCC_WARN_UNDECLARED_SELECTOR = YES;
				GCC_WARN_UNINITIALIZED_AUTOS = YES_AGGRESSIVE;
				GCC_WARN_UNUSED_FUNCTION = YES;
				GCC_WARN_UNUSED_VARIABLE = YES;
				IPHONEOS_DEPLOYMENT_TARGET = 12.0;
				MTL_ENABLE_DEBUG_INFO = NO;
				MTL_FAST_MATH = YES;
				SDKROOT = iphoneos;
				SWIFT_COMPILATION_MODE = wholemodule;
				SWIFT_OPTIMIZATION_LEVEL = "-O";
				VALIDATE_PRODUCT = YES;
			};
			name = Release;
		};
		ACF4AE8F2187A6CA0092C453 /* Debug */ = {
			isa = XCBuildConfiguration;
			buildSettings = {
				ASSETCATALOG_COMPILER_APPICON_NAME = AppIcon;
				CODE_SIGN_STYLE = Automatic;
				DEVELOPMENT_TEAM = 276537L7BW;
				INFOPLIST_FILE = SunriseSunset/Info.plist;
				LD_RUNPATH_SEARCH_PATHS = (
					"$(inherited)",
					"@executable_path/Frameworks",
				);
				PRODUCT_BUNDLE_IDENTIFIER = program.SunriseSunset;
				PRODUCT_NAME = "$(TARGET_NAME)";
				SWIFT_VERSION = 4.2;
				TARGETED_DEVICE_FAMILY = "1,2";
			};
			name = Debug;
		};
		ACF4AE902187A6CA0092C453 /* Release */ = {
			isa = XCBuildConfiguration;
			buildSettings = {
				ASSETCATALOG_COMPILER_APPICON_NAME = AppIcon;
				CODE_SIGN_STYLE = Automatic;
				DEVELOPMENT_TEAM = 276537L7BW;
				INFOPLIST_FILE = SunriseSunset/Info.plist;
				LD_RUNPATH_SEARCH_PATHS = (
					"$(inherited)",
					"@executable_path/Frameworks",
				);
				PRODUCT_BUNDLE_IDENTIFIER = program.SunriseSunset;
				PRODUCT_NAME = "$(TARGET_NAME)";
				SWIFT_VERSION = 4.2;
				TARGETED_DEVICE_FAMILY = "1,2";
			};
			name = Release;
		};
/* End XCBuildConfiguration section */

/* Begin XCConfigurationList section */
		ACF4AE742187A6C90092C453 /* Build configuration list for PBXProject "SunriseSunset" */ = {
			isa = XCConfigurationList;
			buildConfigurations = (
				ACF4AE8C2187A6CA0092C453 /* Debug */,
				ACF4AE8D2187A6CA0092C453 /* Release */,
			);
			defaultConfigurationIsVisible = 0;
			defaultConfigurationName = Release;
		};
		ACF4AE8E2187A6CA0092C453 /* Build configuration list for PBXNativeTarget "SunriseSunset" */ = {
			isa = XCConfigurationList;
			buildConfigurations = (
				ACF4AE8F2187A6CA0092C453 /* Debug */,
				ACF4AE902187A6CA0092C453 /* Release */,
			);
			defaultConfigurationIsVisible = 0;
			defaultConfigurationName = Release;
		};
/* End XCConfigurationList section */

/* Begin XCVersionGroup section */
		ACF4AE832187A6C90092C453 /* SunriseSunset.xcdatamodeld */ = {
			isa = XCVersionGroup;
			children = (
				ACF4AE842187A6C90092C453 /* SunriseSunset.xcdatamodel */,
			);
			currentVersion = ACF4AE842187A6C90092C453 /* SunriseSunset.xcdatamodel */;
			path = SunriseSunset.xcdatamodeld;
			sourceTree = "<group>";
			versionGroupType = wrapper.xcdatamodel;
		};
/* End XCVersionGroup section */
	};
	rootObject = ACF4AE712187A6C90092C453 /* Project object */;
}
